
Microsoft Visual Studio Solution File, Format Version 12.00
# Visual Studio Version 16
VisualStudioVersion = 16.0.31702.278
MinimumVisualStudioVersion = 10.0.40219.1
Project("{8BC9CEB8-8B4A-11D0-8D11-00A0C91BC942}") = "Project1", "Project1\Project1.vcxproj", "{F93D6A8E-E2FC-44E1-9FD5-9EE4AC3A432E}"
EndProject
Global
	GlobalSection(SolutionConfigurationPlatforms) = preSolution
		Debug|x64 = Debug|x64
		Debug|x86 = Debug|x86
		Release|x64 = Release|x64
		Release|x86 = Release|x86
	EndGlobalSection
	GlobalSection(ProjectConfigurationPlatforms) = postSolution
		{F93D6A8E-E2FC-44E1-9FD5-9EE4AC3A432E}.Debug|x64.ActiveCfg = Debug|x64
		{F93D6A8E-E2FC-44E1-9FD5-9EE4AC3A432E}.Debug|x64.Build.0 = Debug|x64
		{F93D6A8E-E2FC-44E1-9FD5-9EE4AC3A432E}.Debug|x86.ActiveCfg = Debug|Win32
		{F93D6A8E-E2FC-44E1-9FD5-9EE4AC3A432E}.Debug|x86.Build.0 = Debug|Win32
		{F93D6A8E-E2FC-44E1-9FD5-9EE4AC3A432E}.Release|x64.ActiveCfg = Release|x64
		{F93D6A8E-E2FC-44E1-9FD5-9EE4AC3A432E}.Release|x64.Build.0 = Release|x64
		{F93D6A8E-E2FC-44E1-9FD5-9EE4AC3A432E}.Release|x86.ActiveCfg = Release|Win32
		{F93D6A8E-E2FC-44E1-9FD5-9EE4AC3A432E}.Release|x86.Build.0 = Release|Win32
	EndGlobalSection
	GlobalSection(SolutionProperties) = preSolution
		HideSolutionNode = FALSE
	EndGlobalSection
	GlobalSection(ExtensibilityGlobals) = postSolution
		SolutionGuid = {0BA68D8A-BC1B-468C-83B8-5C01E602B138}
	EndGlobalSection
EndGlobal
